
Microsoft Visual Studio Solution File, Format Version 12.00
# Visual Studio Version 17
VisualStudioVersion = 17.7.34031.279
MinimumVisualStudioVersion = 10.0.40219.1
Project("{FAE04EC0-301F-11D3-BF4B-00C04F79EFBC}") = "twilioEX", "twilioEX\twilioEX.csproj", "{4239D2D5-D4EB-4E8B-AAB8-09F6314A8053}"
EndProject
Global
	GlobalSection(SolutionConfigurationPlatforms) = preSolution
		Debug|Any CPU = Debug|Any CPU
		Release|Any CPU = Release|Any CPU
	EndGlobalSection
	GlobalSection(ProjectConfigurationPlatforms) = postSolution
		{4239D2D5-D4EB-4E8B-AAB8-09F6314A8053}.Debug|Any CPU.ActiveCfg = Debug|Any CPU
		{4239D2D5-D4EB-4E8B-AAB8-09F6314A8053}.Debug|Any CPU.Build.0 = Debug|Any CPU
		{4239D2D5-D4EB-4E8B-AAB8-09F6314A8053}.Release|Any CPU.ActiveCfg = Release|Any CPU
		{4239D2D5-D4EB-4E8B-AAB8-09F6314A8053}.Release|Any CPU.Build.0 = Release|Any CPU
	EndGlobalSection
	GlobalSection(SolutionProperties) = preSolution
		HideSolutionNode = FALSE
	EndGlobalSection
	GlobalSection(ExtensibilityGlobals) = postSolution
		SolutionGuid = {6F023594-7D4F-4828-B44D-1DCAA6487392}
	EndGlobalSection
EndGlobal
